
Microsoft Visual Studio Solution File, Format Version 12.00
# Visual Studio Version 17
VisualStudioVersion = 17.5.33516.290
MinimumVisualStudioVersion = 10.0.40219.1
Project("{9A19103F-16F7-4668-BE54-9A1E7A4F7556}") = "DevIO.UI.Site", "src\DevIO.UI.Site\DevIO.UI.Site.csproj", "{1083CC08-9C6C-4A37-B09C-2FD9DAB52A41}"
EndProject
Project("{FAE04EC0-301F-11D3-BF4B-00C04F79EFBC}") = "DevIO.Identity", "src\DevIO.Identity\DevIO.Identity.csproj", "{BB1711F8-33B5-4A95-9151-46F2741D2888}"
EndProject
Global
	GlobalSection(SolutionConfigurationPlatforms) = preSolution
		Debug|Any CPU = Debug|Any CPU
		Release|Any CPU = Release|Any CPU
	EndGlobalSection
	GlobalSection(ProjectConfigurationPlatforms) = postSolution
		{1083CC08-9C6C-4A37-B09C-2FD9DAB52A41}.Debug|Any CPU.ActiveCfg = Debug|Any CPU
		{1083CC08-9C6C-4A37-B09C-2FD9DAB52A41}.Debug|Any CPU.Build.0 = Debug|Any CPU
		{1083CC08-9C6C-4A37-B09C-2FD9DAB52A41}.Release|Any CPU.ActiveCfg = Release|Any CPU
		{1083CC08-9C6C-4A37-B09C-2FD9DAB52A41}.Release|Any CPU.Build.0 = Release|Any CPU
		{BB1711F8-33B5-4A95-9151-46F2741D2888}.Debug|Any CPU.ActiveCfg = Debug|Any CPU
		{BB1711F8-33B5-4A95-9151-46F2741D2888}.Debug|Any CPU.Build.0 = Debug|Any CPU
		{BB1711F8-33B5-4A95-9151-46F2741D2888}.Release|Any CPU.ActiveCfg = Release|Any CPU
		{BB1711F8-33B5-4A95-9151-46F2741D2888}.Release|Any CPU.Build.0 = Release|Any CPU
	EndGlobalSection
	GlobalSection(SolutionProperties) = preSolution
		HideSolutionNode = FALSE
	EndGlobalSection
	GlobalSection(ExtensibilityGlobals) = postSolution
		SolutionGuid = {712CBE2D-C55A-4018-8468-17E1FAA0A938}
	EndGlobalSection
EndGlobal
